
Microsoft Visual Studio Solution File, Format Version 12.00
# Visual Studio 15
VisualStudioVersion = 15.0.27130.2027
MinimumVisualStudioVersion = 10.0.40219.1
Project("{262852C6-CD72-467D-83FE-5EEB1973A190}") = "cordova-simulate-tests", "cordova-simulate-tests.jsproj", "{42FEC605-C960-4A6F-93DB-072773730A5B}"
EndProject
Global
	GlobalSection(SolutionConfigurationPlatforms) = preSolution
		Debug|Android = Debug|Android
		Debug|iOS = Debug|iOS
		Debug|Windows-ARM = Debug|Windows-ARM
		Debug|Windows-x64 = Debug|Windows-x64
		Debug|Windows-x86 = Debug|Windows-x86
		Release|Android = Release|Android
		Release|iOS = Release|iOS
		Release|Windows-ARM = Release|Windows-ARM
		Release|Windows-x64 = Release|Windows-x64
		Release|Windows-x86 = Release|Windows-x86
	EndGlobalSection
	GlobalSection(ProjectConfigurationPlatforms) = postSolution
		{42FEC605-C960-4A6F-93DB-072773730A5B}.Debug|Android.ActiveCfg = Debug|Android
		{42FEC605-C960-4A6F-93DB-072773730A5B}.Debug|Android.Build.0 = Debug|Android
		{42FEC605-C960-4A6F-93DB-072773730A5B}.Debug|Android.Deploy.0 = Debug|Android
		{42FEC605-C960-4A6F-93DB-072773730A5B}.Debug|iOS.ActiveCfg = Debug|iOS
		{42FEC605-C960-4A6F-93DB-072773730A5B}.Debug|iOS.Build.0 = Debug|iOS
		{42FEC605-C960-4A6F-93DB-072773730A5B}.Debug|iOS.Deploy.0 = Debug|iOS
		{42FEC605-C960-4A6F-93DB-072773730A5B}.Debug|Windows-ARM.ActiveCfg = Debug|Windows-ARM
		{42FEC605-C960-4A6F-93DB-072773730A5B}.Debug|Windows-ARM.Build.0 = Debug|Windows-ARM
		{42FEC605-C960-4A6F-93DB-072773730A5B}.Debug|Windows-ARM.Deploy.0 = Debug|Windows-ARM
		{42FEC605-C960-4A6F-93DB-072773730A5B}.Debug|Windows-x64.ActiveCfg = Debug|Windows-x64
		{42FEC605-C960-4A6F-93DB-072773730A5B}.Debug|Windows-x64.Build.0 = Debug|Windows-x64
		{42FEC605-C960-4A6F-93DB-072773730A5B}.Debug|Windows-x64.Deploy.0 = Debug|Windows-x64
		{42FEC605-C960-4A6F-93DB-072773730A5B}.Debug|Windows-x86.ActiveCfg = Debug|Windows-x86
		{42FEC605-C960-4A6F-93DB-072773730A5B}.Debug|Windows-x86.Build.0 = Debug|Windows-x86
		{42FEC605-C960-4A6F-93DB-072773730A5B}.Debug|Windows-x86.Deploy.0 = Debug|Windows-x86
		{42FEC605-C960-4A6F-93DB-072773730A5B}.Release|Android.ActiveCfg = Release|Android
		{42FEC605-C960-4A6F-93DB-072773730A5B}.Release|Android.Build.0 = Release|Android
		{42FEC605-C960-4A6F-93DB-072773730A5B}.Release|Android.Deploy.0 = Release|Android
		{42FEC605-C960-4A6F-93DB-072773730A5B}.Release|iOS.ActiveCfg = Release|iOS
		{42FEC605-C960-4A6F-93DB-072773730A5B}.Release|iOS.Build.0 = Release|iOS
		{42FEC605-C960-4A6F-93DB-072773730A5B}.Release|iOS.Deploy.0 = Release|iOS
		{42FEC605-C960-4A6F-93DB-072773730A5B}.Release|Windows-ARM.ActiveCfg = Release|Windows-ARM
		{42FEC605-C960-4A6F-93DB-072773730A5B}.Release|Windows-ARM.Build.0 = Release|Windows-ARM
		{42FEC605-C960-4A6F-93DB-072773730A5B}.Release|Windows-ARM.Deploy.0 = Release|Windows-ARM
		{42FEC605-C960-4A6F-93DB-072773730A5B}.Release|Windows-x64.ActiveCfg = Release|Windows-x64
		{42FEC605-C960-4A6F-93DB-072773730A5B}.Release|Windows-x64.Build.0 = Release|Windows-x64
		{42FEC605-C960-4A6F-93DB-072773730A5B}.Release|Windows-x64.Deploy.0 = Release|Windows-x64
		{42FEC605-C960-4A6F-93DB-072773730A5B}.Release|Windows-x86.ActiveCfg = Release|Windows-x86
		{42FEC605-C960-4A6F-93DB-072773730A5B}.Release|Windows-x86.Build.0 = Release|Windows-x86
		{42FEC605-C960-4A6F-93DB-072773730A5B}.Release|Windows-x86.Deploy.0 = Release|Windows-x86
	EndGlobalSection
	GlobalSection(SolutionProperties) = preSolution
		HideSolutionNode = FALSE
	EndGlobalSection
	GlobalSection(ExtensibilityGlobals) = postSolution
		SolutionGuid = {FF4B3DB1-EC48-4336-9D46-8FF72036029A}
	EndGlobalSection
EndGlobal
